// !$*UTF8*$!
{
	archiveVersion = 1;
	classes = {
	};
	objectVersion = 46;
	objects = {

/* Begin PBXBuildFile section */
		04DBE3421B217F8E00798F85 /* AppDelegate.m in Sources */ = {isa = PBXBuildFile; fileRef = 04DBE3411B217F8E00798F85 /* AppDelegate.m */; };
		04DBE3441B217F8E00798F85 /* main.m in Sources */ = {isa = PBXBuildFile; fileRef = 04DBE3431B217F8E00798F85 /* main.m */; };
		04DBE3461B217F8E00798F85 /* Images.xcassets in Resources */ = {isa = PBXBuildFile; fileRef = 04DBE3451B217F8E00798F85 /* Images.xcassets */; };
		04DBE3491B217F8E00798F85 /* MainMenu.xib in Resources */ = {isa = PBXBuildFile; fileRef = 04DBE3471B217F8E00798F85 /* MainMenu.xib */; };
		04DBE3551B217F8E00798F85 /* demo1Tests.m in Sources */ = {isa = PBXBuildFile; fileRef = 04DBE3541B217F8E00798F85 /* demo1Tests.m */; };
		04DBE3601B2180A600798F85 /* MyScroller.m in Sources */ = {isa = PBXBuildFile; fileRef = 04DBE35F1B2180A600798F85 /* MyScroller.m */; };
		04DBE3631B21829900798F85 /* MyScrollView.m in Sources */ = {isa = PBXBuildFile; fileRef = 04DBE3621B21829900798F85 /* MyScrollView.m */; };
/* End PBXBuildFile section */

/* Begin PBXContainerItemProxy section */
		04DBE34F1B217F8E00798F85 /* PBXContainerItemProxy */ = {
			isa = PBXContainerItemProxy;
			containerPortal = 04DBE3331B217F8E00798F85 /* Project object */;
			proxyType = 1;
			remoteGlobalIDString = 04DBE33A1B217F8E00798F85;
			remoteInfo = demo1;
		};
/* End PBXContainerItemProxy section */

/* Begin PBXFileReference section */
		04DBE33B1B217F8E00798F85 /* demo1.app */ = {isa = PBXFileReference; explicitFileType = wrapper.application; includeInIndex = 0; path = demo1.app; sourceTree = BUILT_PRODUCTS_DIR; };
		04DBE33F1B217F8E00798F85 /* Info.plist */ = {isa = PBXFileReference; lastKnownFileType = text.plist.xml; path = Info.plist; sourceTree = "<group>"; };
		04DBE3401B217F8E00798F85 /* AppDelegate.h */ = {isa = PBXFileReference; lastKnownFileType = sourcecode.c.h; path = AppDelegate.h; sourceTree = "<group>"; };
		04DBE3411B217F8E00798F85 /* AppDelegate.m */ = {isa = PBXFileReference; lastKnownFileType = sourcecode.c.objc; path = AppDelegate.m; sourceTree = "<group>"; };
		04DBE3431B217F8E00798F85 /* main.m */ = {isa = PBXFileReference; lastKnownFileType = sourcecode.c.objc; path = main.m; sourceTree = "<group>"; };
		04DBE3451B217F8E00798F85 /* Images.xcassets */ = {isa = PBXFileReference; lastKnownFileType = folder.assetcatalog; path = Images.xcassets; sourceTree = "<group>"; };
		04DBE3481B217F8E00798F85 /* Base */ = {isa = PBXFileReference; lastKnownFileType = file.xib; name = Base; path = Base.lproj/MainMenu.xib; sourceTree = "<group>"; };
		04DBE34E1B217F8E00798F85 /* demo1Tests.xctest */ = {isa = PBXFileReference; explicitFileType = wrapper.cfbundle; includeInIndex = 0; path = demo1Tests.xctest; sourceTree = BUILT_PRODUCTS_DIR; };
		04DBE3531B217F8E00798F85 /* Info.plist */ = {isa = PBXFileReference; lastKnownFileType = text.plist.xml; path = Info.plist; sourceTree = "<group>"; };
		04DBE3541B217F8E00798F85 /* demo1Tests.m */ = {isa = PBXFileReference; lastKnownFileType = sourcecode.c.objc; path = demo1Tests.m; sourceTree = "<group>"; };
		04DBE35E1B2180A600798F85 /* MyScroller.h */ = {isa = PBXFileReference; fileEncoding = 4; lastKnownFileType = sourcecode.c.h; path = MyScroller.h; sourceTree = "<group>"; };
		04DBE35F1B2180A600798F85 /* MyScroller.m */ = {isa = PBXFileReference; fileEncoding = 4; lastKnownFileType = sourcecode.c.objc; path = MyScroller.m; sourceTree = "<group>"; };
		04DBE3611B21829900798F85 /* MyScrollView.h */ = {isa = PBXFileReference; fileEncoding = 4; lastKnownFileType = sourcecode.c.h; path = MyScrollView.h; sourceTree = "<group>"; };
		04DBE3621B21829900798F85 /* MyScrollView.m */ = {isa = PBXFileReference; fileEncoding = 4; lastKnownFileType = sourcecode.c.objc; path = MyScrollView.m; sourceTree = "<group>"; };
/* End PBXFileReference section */

/* Begin PBXFrameworksBuildPhase section */
		04DBE3381B217F8E00798F85 /* Frameworks */ = {
			isa = PBXFrameworksBuildPhase;
			buildActionMask = 2147483647;
			files = (
			);
			runOnlyForDeploymentPostprocessing = 0;
		};
		04DBE34B1B217F8E00798F85 /* Frameworks */ = {
			isa = PBXFrameworksBuildPhase;
			buildActionMask = 2147483647;
			files = (
			);
			runOnlyForDeploymentPostprocessing = 0;
		};
/* End PBXFrameworksBuildPhase section */

/* Begin PBXGroup section */
		04DBE3321B217F8E00798F85 = {
			isa = PBXGroup;
			children = (
				04DBE33D1B217F8E00798F85 /* demo1 */,
				04DBE3511B217F8E00798F85 /* demo1Tests */,
				04DBE33C1B217F8E00798F85 /* Products */,
			);
			sourceTree = "<group>";
		};
		04DBE33C1B217F8E00798F85 /* Products */ = {
			isa = PBXGroup;
			children = (
				04DBE33B1B217F8E00798F85 /* demo1.app */,
				04DBE34E1B217F8E00798F85 /* demo1Tests.xctest */,
			);
			name = Products;
			sourceTree = "<group>";
		};
		04DBE33D1B217F8E00798F85 /* demo1 */ = {
			isa = PBXGroup;
			children = (
				04DBE3401B217F8E00798F85 /* AppDelegate.h */,
				04DBE3411B217F8E00798F85 /* AppDelegate.m */,
				04DBE3451B217F8E00798F85 /* Images.xcassets */,
				04DBE3471B217F8E00798F85 /* MainMenu.xib */,
				04DBE33E1B217F8E00798F85 /* Supporting Files */,
				04DBE35E1B2180A600798F85 /* MyScroller.h */,
				04DBE35F1B2180A600798F85 /* MyScroller.m */,
				04DBE3611B21829900798F85 /* MyScrollView.h */,
				04DBE3621B21829900798F85 /* MyScrollView.m */,
			);
			path = demo1;
			sourceTree = "<group>";
		};
		04DBE33E1B217F8E00798F85 /* Supporting Files */ = {
			isa = PBXGroup;
			children = (
				04DBE33F1B217F8E00798F85 /* Info.plist */,
				04DBE3431B217F8E00798F85 /* main.m */,
			);
			name = "Supporting Files";
			sourceTree = "<group>";
		};
		04DBE3511B217F8E00798F85 /* demo1Tests */ = {
			isa = PBXGroup;
			children = (
				04DBE3541B217F8E00798F85 /* demo1Tests.m */,
				04DBE3521B217F8E00798F85 /* Supporting Files */,
			);
			path = demo1Tests;
			sourceTree = "<group>";
		};
		04DBE3521B217F8E00798F85 /* Supporting Files */ = {
			isa = PBXGroup;
			children = (
				04DBE3531B217F8E00798F85 /* Info.plist */,
			);
			name = "Supporting Files";
			sourceTree = "<group>";
		};
/* End PBXGroup section */

/* Begin PBXNativeTarget section */
		04DBE33A1B217F8E00798F85 /* demo1 */ = {
			isa = PBXNativeTarget;
			buildConfigurationList = 04DBE3581B217F8E00798F85 /* Build configuration list for PBXNativeTarget "demo1" */;
			buildPhases = (
				04DBE3371B217F8E00798F85 /* Sources */,
				04DBE3381B217F8E00798F85 /* Frameworks */,
				04DBE3391B217F8E00798F85 /* Resources */,
			);
			buildRules = (
			);
			dependencies = (
			);
			name = demo1;
			productName = demo1;
			productReference = 04DBE33B1B217F8E00798F85 /* demo1.app */;
			productType = "com.apple.product-type.application";
		};
		04DBE34D1B217F8E00798F85 /* demo1Tests */ = {
			isa = PBXNativeTarget;
			buildConfigurationList = 04DBE35B1B217F8E00798F85 /* Build configuration list for PBXNativeTarget "demo1Tests" */;
			buildPhases = (
				04DBE34A1B217F8E00798F85 /* Sources */,
				04DBE34B1B217F8E00798F85 /* Frameworks */,
				04DBE34C1B217F8E00798F85 /* Resources */,
			);
			buildRules = (
			);
			dependencies = (
				04DBE3501B217F8E00798F85 /* PBXTargetDependency */,
			);
			name = demo1Tests;
			productName = demo1Tests;
			productReference = 04DBE34E1B217F8E00798F85 /* demo1Tests.xctest */;
			productType = "com.apple.product-type.bundle.unit-test";
		};
/* End PBXNativeTarget section */

/* Begin PBXProject section */
		04DBE3331B217F8E00798F85 /* Project object */ = {
			isa = PBXProject;
			attributes = {
				LastUpgradeCheck = 0610;
				ORGANIZATIONNAME = Appcoda;
				TargetAttributes = {
					04DBE33A1B217F8E00798F85 = {
						CreatedOnToolsVersion = 6.1.1;
					};
					04DBE34D1B217F8E00798F85 = {
						CreatedOnToolsVersion = 6.1.1;
						TestTargetID = 04DBE33A1B217F8E00798F85;
					};
				};
			};
			buildConfigurationList = 04DBE3361B217F8E00798F85 /* Build configuration list for PBXProject "demo1" */;
			compatibilityVersion = "Xcode 3.2";
			developmentRegion = English;
			hasScannedForEncodings = 0;
			knownRegions = (
				en,
				Base,
			);
			mainGroup = 04DBE3321B217F8E00798F85;
			productRefGroup = 04DBE33C1B217F8E00798F85 /* Products */;
			projectDirPath = "";
			projectRoot = "";
			targets = (
				04DBE33A1B217F8E00798F85 /* demo1 */,
				04DBE34D1B217F8E00798F85 /* demo1Tests */,
			);
		};
/* End PBXProject section */

/* Begin PBXResourcesBuildPhase section */
		04DBE3391B217F8E00798F85 /* Resources */ = {
			isa = PBXResourcesBuildPhase;
			buildActionMask = 2147483647;
			files = (
				04DBE3461B217F8E00798F85 /* Images.xcassets in Resources */,
				04DBE3491B217F8E00798F85 /* MainMenu.xib in Resources */,
			);
			runOnlyForDeploymentPostprocessing = 0;
		};
		04DBE34C1B217F8E00798F85 /* Resources */ = {
			isa = PBXResourcesBuildPhase;
			buildActionMask = 2147483647;
			files = (
			);
			runOnlyForDeploymentPostprocessing = 0;
		};
/* End PBXResourcesBuildPhase section */

/* Begin PBXSourcesBuildPhase section */
		04DBE3371B217F8E00798F85 /* Sources */ = {
			isa = PBXSourcesBuildPhase;
			buildActionMask = 2147483647;
			files = (
				04DBE3441B217F8E00798F85 /* main.m in Sources */,
				04DBE3631B21829900798F85 /* MyScrollView.m in Sources */,
				04DBE3421B217F8E00798F85 /* AppDelegate.m in Sources */,
				04DBE3601B2180A600798F85 /* MyScroller.m in Sources */,
			);
			runOnlyForDeploymentPostprocessing = 0;
		};
		04DBE34A1B217F8E00798F85 /* Sources */ = {
			isa = PBXSourcesBuildPhase;
			buildActionMask = 2147483647;
			files = (
				04DBE3551B217F8E00798F85 /* demo1Tests.m in Sources */,
			);
			runOnlyForDeploymentPostprocessing = 0;
		};
/* End PBXSourcesBuildPhase section */

/* Begin PBXTargetDependency section */
		04DBE3501B217F8E00798F85 /* PBXTargetDependency */ = {
			isa = PBXTargetDependency;
			target = 04DBE33A1B217F8E00798F85 /* demo1 */;
			targetProxy = 04DBE34F1B217F8E00798F85 /* PBXContainerItemProxy */;
		};
/* End PBXTargetDependency section */

/* Begin PBXVariantGroup section */
		04DBE3471B217F8E00798F85 /* MainMenu.xib */ = {
			isa = PBXVariantGroup;
			children = (
				04DBE3481B217F8E00798F85 /* Base */,
			);
			name = MainMenu.xib;
			sourceTree = "<group>";
		};
/* End PBXVariantGroup section */

/* Begin XCBuildConfiguration section */
		04DBE3561B217F8E00798F85 /* Debug */ = {
			isa = XCBuildConfiguration;
			buildSettings = {
				ALWAYS_SEARCH_USER_PATHS = NO;
				CLANG_CXX_LANGUAGE_STANDARD = "gnu++0x";
				CLANG_CXX_LIBRARY = "libc++";
				CLANG_ENABLE_MODULES = YES;
				CLANG_ENABLE_OBJC_ARC = YES;
				CLANG_WARN_BOOL_CONVERSION = YES;
				CLANG_WARN_CONSTANT_CONVERSION = YES;
				CLANG_WARN_DIRECT_OBJC_ISA_USAGE = YES_ERROR;
				CLANG_WARN_EMPTY_BODY = YES;
				CLANG_WARN_ENUM_CONVERSION = YES;
				CLANG_WARN_INT_CONVERSION = YES;
				CLANG_WARN_OBJC_ROOT_CLASS = YES_ERROR;
				CLANG_WARN_UNREACHABLE_CODE = YES;
				CLANG_WARN__DUPLICATE_METHOD_MATCH = YES;
				CODE_SIGN_IDENTITY = "-";
				COPY_PHASE_STRIP = NO;
				ENABLE_STRICT_OBJC_MSGSEND = YES;
				GCC_C_LANGUAGE_STANDARD = gnu99;
				GCC_DYNAMIC_NO_PIC = NO;
				GCC_OPTIMIZATION_LEVEL = 0;
				GCC_PREPROCESSOR_DEFINITIONS = (
					"DEBUG=1",
					"$(inherited)",
				);
				GCC_SYMBOLS_PRIVATE_EXTERN = NO;
				GCC_WARN_64_TO_32_BIT_CONVERSION = YES;
				GCC_WARN_ABOUT_RETURN_TYPE = YES_ERROR;
				GCC_WARN_UNDECLARED_SELECTOR = YES;
				GCC_WARN_UNINITIALIZED_AUTOS = YES_AGGRESSIVE;
				GCC_WARN_UNUSED_FUNCTION = YES;
				GCC_WARN_UNUSED_VARIABLE = YES;
				MACOSX_DEPLOYMENT_TARGET = 10.9;
				MTL_ENABLE_DEBUG_INFO = YES;
				ONLY_ACTIVE_ARCH = YES;
				SDKROOT = macosx;
			};
			name = Debug;
		};
		04DBE3571B217F8E00798F85 /* Release */ = {
			isa = XCBuildConfiguration;
			buildSettings = {
				ALWAYS_SEARCH_USER_PATHS = NO;
				CLANG_CXX_LANGUAGE_STANDARD = "gnu++0x";
				CLANG_CXX_LIBRARY = "libc++";
				CLANG_ENABLE_MODULES = YES;
				CLANG_ENABLE_OBJC_ARC = YES;
				CLANG_WARN_BOOL_CONVERSION = YES;
				CLANG_WARN_CONSTANT_CONVERSION = YES;
				CLANG_WARN_DIRECT_OBJC_ISA_USAGE = YES_ERROR;
				CLANG_WARN_EMPTY_BODY = YES;
				CLANG_WARN_ENUM_CONVERSION = YES;
				CLANG_WARN_INT_CONVERSION = YES;
				CLANG_WARN_OBJC_ROOT_CLASS = YES_ERROR;
				CLANG_WARN_UNREACHABLE_CODE = YES;
				CLANG_WARN__DUPLICATE_METHOD_MATCH = YES;
				CODE_SIGN_IDENTITY = "-";
				COPY_PHASE_STRIP = YES;
				DEBUG_INFORMATION_FORMAT = "dwarf-with-dsym";
				ENABLE_NS_ASSERTIONS = NO;
				ENABLE_STRICT_OBJC_MSGSEND = YES;
				GCC_C_LANGUAGE_STANDARD = gnu99;
				GCC_WARN_64_TO_32_BIT_CONVERSION = YES;
				GCC_WARN_ABOUT_RETURN_TYPE = YES_ERROR;
				GCC_WARN_UNDECLARED_SELECTOR = YES;
				GCC_WARN_UNINITIALIZED_AUTOS = YES_AGGRESSIVE;
				GCC_WARN_UNUSED_FUNCTION = YES;
				GCC_WARN_UNUSED_VARIABLE = YES;
				MACOSX_DEPLOYMENT_TARGET = 10.9;
				MTL_ENABLE_DEBUG_INFO = NO;
				SDKROOT = macosx;
			};
			name = Release;
		};
		04DBE3591B217F8E00798F85 /* Debug */ = {
			isa = XCBuildConfiguration;
			buildSettings = {
				ASSETCATALOG_COMPILER_APPICON_NAME = AppIcon;
				COMBINE_HIDPI_IMAGES = YES;
				INFOPLIST_FILE = demo1/Info.plist;
				LD_RUNPATH_SEARCH_PATHS = "$(inherited) @executable_path/../Frameworks";
				PRODUCT_NAME = "$(TARGET_NAME)";
			};
			name = Debug;
		};
		04DBE35A1B217F8E00798F85 /* Release */ = {
			isa = XCBuildConfiguration;
			buildSettings = {
				ASSETCATALOG_COMPILER_APPICON_NAME = AppIcon;
				COMBINE_HIDPI_IMAGES = YES;
				INFOPLIST_FILE = demo1/Info.plist;
				LD_RUNPATH_SEARCH_PATHS = "$(inherited) @executable_path/../Frameworks";
				PRODUCT_NAME = "$(TARGET_NAME)";
			};
			name = Release;
		};
		04DBE35C1B217F8E00798F85 /* Debug */ = {
			isa = XCBuildConfiguration;
			buildSettings = {
				BUNDLE_LOADER = "$(TEST_HOST)";
				COMBINE_HIDPI_IMAGES = YES;
				FRAMEWORK_SEARCH_PATHS = (
					"$(DEVELOPER_FRAMEWORKS_DIR)",
					"$(inherited)",
				);
				GCC_PREPROCESSOR_DEFINITIONS = (
					"DEBUG=1",
					"$(inherited)",
				);
				INFOPLIST_FILE = demo1Tests/Info.plist;
				LD_RUNPATH_SEARCH_PATHS = "$(inherited) @executable_path/../Frameworks @loader_path/../Frameworks";
				PRODUCT_NAME = "$(TARGET_NAME)";
				TEST_HOST = "$(BUILT_PRODUCTS_DIR)/demo1.app/Contents/MacOS/demo1";
			};
			name = Debug;
		};
		04DBE35D1B217F8E00798F85 /* Release */ = {
			isa = XCBuildConfiguration;
			buildSettings = {
				BUNDLE_LOADER = "$(TEST_HOST)";
				COMBINE_HIDPI_IMAGES = YES;
				FRAMEWORK_SEARCH_PATHS = (
					"$(DEVELOPER_FRAMEWORKS_DIR)",
					"$(inherited)",
				);
				INFOPLIST_FILE = demo1Tests/Info.plist;
				LD_RUNPATH_SEARCH_PATHS = "$(inherited) @executable_path/../Frameworks @loader_path/../Frameworks";
				PRODUCT_NAME = "$(TARGET_NAME)";
				TEST_HOST = "$(BUILT_PRODUCTS_DIR)/demo1.app/Contents/MacOS/demo1";
			};
			name = Release;
		};
/* End XCBuildConfiguration section */

/* Begin XCConfigurationList section */
		04DBE3361B217F8E00798F85 /* Build configuration list for PBXProject "demo1" */ = {
			isa = XCConfigurationList;
			buildConfigurations = (
				04DBE3561B217F8E00798F85 /* Debug */,
				04DBE3571B217F8E00798F85 /* Release */,
			);
			defaultConfigurationIsVisible = 0;
			defaultConfigurationName = Release;
		};
		04DBE3581B217F8E00798F85 /* Build configuration list for PBXNativeTarget "demo1" */ = {
			isa = XCConfigurationList;
			buildConfigurations = (
				04DBE3591B217F8E00798F85 /* Debug */,
				04DBE35A1B217F8E00798F85 /* Release */,
			);
			defaultConfigurationIsVisible = 0;
		};
		04DBE35B1B217F8E00798F85 /* Build configuration list for PBXNativeTarget "demo1Tests" */ = {
			isa = XCConfigurationList;
			buildConfigurations = (
				04DBE35C1B217F8E00798F85 /* Debug */,
				04DBE35D1B217F8E00798F85 /* Release */,
			);
			defaultConfigurationIsVisible = 0;
		};
/* End XCConfigurationList section */
	};
	rootObject = 04DBE3331B217F8E00798F85 /* Project object */;
}
